// !$*UTF8*$!
{
	archiveVersion = 1;
	classes = {
	};
	objectVersion = 55;
	objects = {

/* Begin PBXBuildFile section */
		C2968C72283E578200F255CB /* grocerylistApp.swift in Sources */ = {isa = PBXBuildFile; fileRef = C2968C71283E578200F255CB /* grocerylistApp.swift */; };
		C2968C74283E578200F255CB /* ContentView.swift in Sources */ = {isa = PBXBuildFile; fileRef = C2968C73283E578200F255CB /* ContentView.swift */; };
		C2968C76283E578300F255CB /* Assets.xcassets in Resources */ = {isa = PBXBuildFile; fileRef = C2968C75283E578300F255CB /* Assets.xcassets */; };
		C2968C79283E578300F255CB /* Preview Assets.xcassets in Resources */ = {isa = PBXBuildFile; fileRef = C2968C78283E578300F255CB /* Preview Assets.xcassets */; };
		C2968C81283E63F900F255CB /* HomeView.swift in Sources */ = {isa = PBXBuildFile; fileRef = C2968C80283E63F900F255CB /* HomeView.swift */; };
		C2968C83283E641000F255CB /* previousView.swift in Sources */ = {isa = PBXBuildFile; fileRef = C2968C82283E641000F255CB /* previousView.swift */; };
		C2968C8C283E6C5C00F255CB /* README.md in Resources */ = {isa = PBXBuildFile; fileRef = C2968C8B283E6C5C00F255CB /* README.md */; };
		C2968C8E284395C700F255CB /* ItemsListView.swift in Sources */ = {isa = PBXBuildFile; fileRef = C2968C8D284395C700F255CB /* ItemsListView.swift */; };
		C2968C912843990700F255CB /* ItemRow.swift in Sources */ = {isa = PBXBuildFile; fileRef = C2968C902843990700F255CB /* ItemRow.swift */; };
		C2968C9328439DB900F255CB /* AddItemView.swift in Sources */ = {isa = PBXBuildFile; fileRef = C2968C9228439DB900F255CB /* AddItemView.swift */; };
		C2968C952843A39900F255CB /* AddItemButton.swift in Sources */ = {isa = PBXBuildFile; fileRef = C2968C942843A39900F255CB /* AddItemButton.swift */; };
		C2968C972843AB4400F255CB /* NewListView.swift in Sources */ = {isa = PBXBuildFile; fileRef = C2968C962843AB4400F255CB /* NewListView.swift */; };
/* End PBXBuildFile section */

/* Begin PBXFileReference section */
		C2968C6E283E578200F255CB /* grocerylist.app */ = {isa = PBXFileReference; explicitFileType = wrapper.application; includeInIndex = 0; path = grocerylist.app; sourceTree = BUILT_PRODUCTS_DIR; };
		C2968C71283E578200F255CB /* grocerylistApp.swift */ = {isa = PBXFileReference; lastKnownFileType = sourcecode.swift; path = grocerylistApp.swift; sourceTree = "<group>"; };
		C2968C73283E578200F255CB /* ContentView.swift */ = {isa = PBXFileReference; lastKnownFileType = sourcecode.swift; path = ContentView.swift; sourceTree = "<group>"; };
		C2968C75283E578300F255CB /* Assets.xcassets */ = {isa = PBXFileReference; lastKnownFileType = folder.assetcatalog; path = Assets.xcassets; sourceTree = "<group>"; };
		C2968C78283E578300F255CB /* Preview Assets.xcassets */ = {isa = PBXFileReference; lastKnownFileType = folder.assetcatalog; path = "Preview Assets.xcassets"; sourceTree = "<group>"; };
		C2968C80283E63F900F255CB /* HomeView.swift */ = {isa = PBXFileReference; lastKnownFileType = sourcecode.swift; path = HomeView.swift; sourceTree = "<group>"; };
		C2968C82283E641000F255CB /* previousView.swift */ = {isa = PBXFileReference; lastKnownFileType = sourcecode.swift; path = previousView.swift; sourceTree = "<group>"; };
		C2968C8B283E6C5C00F255CB /* README.md */ = {isa = PBXFileReference; lastKnownFileType = net.daringfireball.markdown; path = README.md; sourceTree = "<group>"; };
		C2968C8D284395C700F255CB /* ItemsListView.swift */ = {isa = PBXFileReference; lastKnownFileType = sourcecode.swift; path = ItemsListView.swift; sourceTree = "<group>"; };
		C2968C902843990700F255CB /* ItemRow.swift */ = {isa = PBXFileReference; lastKnownFileType = sourcecode.swift; path = ItemRow.swift; sourceTree = "<group>"; };
		C2968C9228439DB900F255CB /* AddItemView.swift */ = {isa = PBXFileReference; lastKnownFileType = sourcecode.swift; path = AddItemView.swift; sourceTree = "<group>"; };
		C2968C942843A39900F255CB /* AddItemButton.swift */ = {isa = PBXFileReference; lastKnownFileType = sourcecode.swift; path = AddItemButton.swift; sourceTree = "<group>"; };
		C2968C962843AB4400F255CB /* NewListView.swift */ = {isa = PBXFileReference; lastKnownFileType = sourcecode.swift; path = NewListView.swift; sourceTree = "<group>"; };
/* End PBXFileReference section */

/* Begin PBXFrameworksBuildPhase section */
		C2968C6B283E578200F255CB /* Frameworks */ = {
			isa = PBXFrameworksBuildPhase;
			buildActionMask = 2147483647;
			files = (
			);
			runOnlyForDeploymentPostprocessing = 0;
		};
/* End PBXFrameworksBuildPhase section */

/* Begin PBXGroup section */
		C2968C65283E578200F255CB = {
			isa = PBXGroup;
			children = (
				C2968C8B283E6C5C00F255CB /* README.md */,
				C2968C70283E578200F255CB /* grocerylist */,
				C2968C6F283E578200F255CB /* Products */,
			);
			sourceTree = "<group>";
		};
		C2968C6F283E578200F255CB /* Products */ = {
			isa = PBXGroup;
			children = (
				C2968C6E283E578200F255CB /* grocerylist.app */,
			);
			name = Products;
			sourceTree = "<group>";
		};
		C2968C70283E578200F255CB /* grocerylist */ = {
			isa = PBXGroup;
			children = (
				C2968C8F284398EC00F255CB /* Components */,
				C2968C7F283E639F00F255CB /* views */,
				C2968C71283E578200F255CB /* grocerylistApp.swift */,
				C2968C75283E578300F255CB /* Assets.xcassets */,
				C2968C77283E578300F255CB /* Preview Content */,
			);
			path = grocerylist;
			sourceTree = "<group>";
		};
		C2968C77283E578300F255CB /* Preview Content */ = {
			isa = PBXGroup;
			children = (
				C2968C78283E578300F255CB /* Preview Assets.xcassets */,
			);
			path = "Preview Content";
			sourceTree = "<group>";
		};
		C2968C7F283E639F00F255CB /* views */ = {
			isa = PBXGroup;
			children = (
				C2968C73283E578200F255CB /* ContentView.swift */,
				C2968C80283E63F900F255CB /* HomeView.swift */,
				C2968C82283E641000F255CB /* previousView.swift */,
				C2968C8D284395C700F255CB /* ItemsListView.swift */,
				C2968C9228439DB900F255CB /* AddItemView.swift */,
				C2968C962843AB4400F255CB /* NewListView.swift */,
			);
			path = views;
			sourceTree = "<group>";
		};
		C2968C8F284398EC00F255CB /* Components */ = {
			isa = PBXGroup;
			children = (
				C2968C902843990700F255CB /* ItemRow.swift */,
				C2968C942843A39900F255CB /* AddItemButton.swift */,
			);
			path = Components;
			sourceTree = "<group>";
		};
/* End PBXGroup section */

/* Begin PBXNativeTarget section */
		C2968C6D283E578200F255CB /* grocerylist */ = {
			isa = PBXNativeTarget;
			buildConfigurationList = C2968C7C283E578300F255CB /* Build configuration list for PBXNativeTarget "grocerylist" */;
			buildPhases = (
				C2968C6A283E578200F255CB /* Sources */,
				C2968C6B283E578200F255CB /* Frameworks */,
				C2968C6C283E578200F255CB /* Resources */,
			);
			buildRules = (
			);
			dependencies = (
			);
			name = grocerylist;
			productName = grocerylist;
			productReference = C2968C6E283E578200F255CB /* grocerylist.app */;
			productType = "com.apple.product-type.application";
		};
/* End PBXNativeTarget section */

/* Begin PBXProject section */
		C2968C66283E578200F255CB /* Project object */ = {
			isa = PBXProject;
			attributes = {
				BuildIndependentTargetsInParallel = 1;
				LastSwiftUpdateCheck = 1340;
				LastUpgradeCheck = 1340;
				TargetAttributes = {
					C2968C6D283E578200F255CB = {
						CreatedOnToolsVersion = 13.4;
					};
				};
			};
			buildConfigurationList = C2968C69283E578200F255CB /* Build configuration list for PBXProject "grocerylist" */;
			compatibilityVersion = "Xcode 13.0";
			developmentRegion = en;
			hasScannedForEncodings = 0;
			knownRegions = (
				en,
				Base,
			);
			mainGroup = C2968C65283E578200F255CB;
			productRefGroup = C2968C6F283E578200F255CB /* Products */;
			projectDirPath = "";
			projectRoot = "";
			targets = (
				C2968C6D283E578200F255CB /* grocerylist */,
			);
		};
/* End PBXProject section */

/* Begin PBXResourcesBuildPhase section */
		C2968C6C283E578200F255CB /* Resources */ = {
			isa = PBXResourcesBuildPhase;
			buildActionMask = 2147483647;
			files = (
				C2968C8C283E6C5C00F255CB /* README.md in Resources */,
				C2968C79283E578300F255CB /* Preview Assets.xcassets in Resources */,
				C2968C76283E578300F255CB /* Assets.xcassets in Resources */,
			);
			runOnlyForDeploymentPostprocessing = 0;
		};
/* End PBXResourcesBuildPhase section */

/* Begin PBXSourcesBuildPhase section */
		C2968C6A283E578200F255CB /* Sources */ = {
			isa = PBXSourcesBuildPhase;
			buildActionMask = 2147483647;
			files = (
				C2968C74283E578200F255CB /* ContentView.swift in Sources */,
				C2968C83283E641000F255CB /* previousView.swift in Sources */,
				C2968C952843A39900F255CB /* AddItemButton.swift in Sources */,
				C2968C9328439DB900F255CB /* AddItemView.swift in Sources */,
				C2968C972843AB4400F255CB /* NewListView.swift in Sources */,
				C2968C81283E63F900F255CB /* HomeView.swift in Sources */,
				C2968C912843990700F255CB /* ItemRow.swift in Sources */,
				C2968C72283E578200F255CB /* grocerylistApp.swift in Sources */,
				C2968C8E284395C700F255CB /* ItemsListView.swift in Sources */,
			);
			runOnlyForDeploymentPostprocessing = 0;
		};
/* End PBXSourcesBuildPhase section */

/* Begin XCBuildConfiguration section */
		C2968C7A283E578300F255CB /* Debug */ = {
			isa = XCBuildConfiguration;
			buildSettings = {
				ALWAYS_SEARCH_USER_PATHS = NO;
				CLANG_ANALYZER_NONNULL = YES;
				CLANG_ANALYZER_NUMBER_OBJECT_CONVERSION = YES_AGGRESSIVE;
				CLANG_CXX_LANGUAGE_STANDARD = "gnu++17";
				CLANG_ENABLE_MODULES = YES;
				CLANG_ENABLE_OBJC_ARC = YES;
				CLANG_ENABLE_OBJC_WEAK = YES;
				CLANG_WARN_BLOCK_CAPTURE_AUTORELEASING = YES;
				CLANG_WARN_BOOL_CONVERSION = YES;
				CLANG_WARN_COMMA = YES;
				CLANG_WARN_CONSTANT_CONVERSION = YES;
				CLANG_WARN_DEPRECATED_OBJC_IMPLEMENTATIONS = YES;
				CLANG_WARN_DIRECT_OBJC_ISA_USAGE = YES_ERROR;
				CLANG_WARN_DOCUMENTATION_COMMENTS = YES;
				CLANG_WARN_EMPTY_BODY = YES;
				CLANG_WARN_ENUM_CONVERSION = YES;
				CLANG_WARN_INFINITE_RECURSION = YES;
				CLANG_WARN_INT_CONVERSION = YES;
				CLANG_WARN_NON_LITERAL_NULL_CONVERSION = YES;
				CLANG_WARN_OBJC_IMPLICIT_RETAIN_SELF = YES;
				CLANG_WARN_OBJC_LITERAL_CONVERSION = YES;
				CLANG_WARN_OBJC_ROOT_CLASS = YES_ERROR;
				CLANG_WARN_QUOTED_INCLUDE_IN_FRAMEWORK_HEADER = YES;
				CLANG_WARN_RANGE_LOOP_ANALYSIS = YES;
				CLANG_WARN_STRICT_PROTOTYPES = YES;
				CLANG_WARN_SUSPICIOUS_MOVE = YES;
				CLANG_WARN_UNGUARDED_AVAILABILITY = YES_AGGRESSIVE;
				CLANG_WARN_UNREACHABLE_CODE = YES;
				CLANG_WARN__DUPLICATE_METHOD_MATCH = YES;
				COPY_PHASE_STRIP = NO;
				DEBUG_INFORMATION_FORMAT = dwarf;
				ENABLE_STRICT_OBJC_MSGSEND = YES;
				ENABLE_TESTABILITY = YES;
				GCC_C_LANGUAGE_STANDARD = gnu11;
				GCC_DYNAMIC_NO_PIC = NO;
				GCC_NO_COMMON_BLOCKS = YES;
				GCC_OPTIMIZATION_LEVEL = 0;
				GCC_PREPROCESSOR_DEFINITIONS = (
					"DEBUG=1",
					"$(inherited)",
				);
				GCC_WARN_64_TO_32_BIT_CONVERSION = YES;
				GCC_WARN_ABOUT_RETURN_TYPE = YES_ERROR;
				GCC_WARN_UNDECLARED_SELECTOR = YES;
				GCC_WARN_UNINITIALIZED_AUTOS = YES_AGGRESSIVE;
				GCC_WARN_UNUSED_FUNCTION = YES;
				GCC_WARN_UNUSED_VARIABLE = YES;
				IPHONEOS_DEPLOYMENT_TARGET = 15.5;
				MTL_ENABLE_DEBUG_INFO = INCLUDE_SOURCE;
				MTL_FAST_MATH = YES;
				ONLY_ACTIVE_ARCH = YES;
				SDKROOT = iphoneos;
				SWIFT_ACTIVE_COMPILATION_CONDITIONS = DEBUG;
				SWIFT_OPTIMIZATION_LEVEL = "-Onone";
			};
			name = Debug;
		};
		C2968C7B283E578300F255CB /* Release */ = {
			isa = XCBuildConfiguration;
			buildSettings = {
				ALWAYS_SEARCH_USER_PATHS = NO;
				CLANG_ANALYZER_NONNULL = YES;
				CLANG_ANALYZER_NUMBER_OBJECT_CONVERSION = YES_AGGRESSIVE;
				CLANG_CXX_LANGUAGE_STANDARD = "gnu++17";
				CLANG_ENABLE_MODULES = YES;
				CLANG_ENABLE_OBJC_ARC = YES;
				CLANG_ENABLE_OBJC_WEAK = YES;
				CLANG_WARN_BLOCK_CAPTURE_AUTORELEASING = YES;
				CLANG_WARN_BOOL_CONVERSION = YES;
				CLANG_WARN_COMMA = YES;
				CLANG_WARN_CONSTANT_CONVERSION = YES;
				CLANG_WARN_DEPRECATED_OBJC_IMPLEMENTATIONS = YES;
				CLANG_WARN_DIRECT_OBJC_ISA_USAGE = YES_ERROR;
				CLANG_WARN_DOCUMENTATION_COMMENTS = YES;
				CLANG_WARN_EMPTY_BODY = YES;
				CLANG_WARN_ENUM_CONVERSION = YES;
				CLANG_WARN_INFINITE_RECURSION = YES;
				CLANG_WARN_INT_CONVERSION = YES;
				CLANG_WARN_NON_LITERAL_NULL_CONVERSION = YES;
				CLANG_WARN_OBJC_IMPLICIT_RETAIN_SELF = YES;
				CLANG_WARN_OBJC_LITERAL_CONVERSION = YES;
				CLANG_WARN_OBJC_ROOT_CLASS = YES_ERROR;
				CLANG_WARN_QUOTED_INCLUDE_IN_FRAMEWORK_HEADER = YES;
				CLANG_WARN_RANGE_LOOP_ANALYSIS = YES;
				CLANG_WARN_STRICT_PROTOTYPES = YES;
				CLANG_WARN_SUSPICIOUS_MOVE = YES;
				CLANG_WARN_UNGUARDED_AVAILABILITY = YES_AGGRESSIVE;
				CLANG_WARN_UNREACHABLE_CODE = YES;
				CLANG_WARN__DUPLICATE_METHOD_MATCH = YES;
				COPY_PHASE_STRIP = NO;
				DEBUG_INFORMATION_FORMAT = "dwarf-with-dsym";
				ENABLE_NS_ASSERTIONS = NO;
				ENABLE_STRICT_OBJC_MSGSEND = YES;
				GCC_C_LANGUAGE_STANDARD = gnu11;
				GCC_NO_COMMON_BLOCKS = YES;
				GCC_WARN_64_TO_32_BIT_CONVERSION = YES;
				GCC_WARN_ABOUT_RETURN_TYPE = YES_ERROR;
				GCC_WARN_UNDECLARED_SELECTOR = YES;
				GCC_WARN_UNINITIALIZED_AUTOS = YES_AGGRESSIVE;
				GCC_WARN_UNUSED_FUNCTION = YES;
				GCC_WARN_UNUSED_VARIABLE = YES;
				IPHONEOS_DEPLOYMENT_TARGET = 15.5;
				MTL_ENABLE_DEBUG_INFO = NO;
				MTL_FAST_MATH = YES;
				SDKROOT = iphoneos;
				SWIFT_COMPILATION_MODE = wholemodule;
				SWIFT_OPTIMIZATION_LEVEL = "-O";
				VALIDATE_PRODUCT = YES;
			};
			name = Release;
		};
		C2968C7D283E578300F255CB /* Debug */ = {
			isa = XCBuildConfiguration;
			buildSettings = {
				ASSETCATALOG_COMPILER_APPICON_NAME = AppIcon;
				ASSETCATALOG_COMPILER_GLOBAL_ACCENT_COLOR_NAME = AccentColor;
				CODE_SIGN_STYLE = Automatic;
				CURRENT_PROJECT_VERSION = 1;
				DEVELOPMENT_ASSET_PATHS = "\"grocerylist/Preview Content\"";
				ENABLE_PREVIEWS = YES;
				GENERATE_INFOPLIST_FILE = YES;
				INFOPLIST_KEY_UIApplicationSceneManifest_Generation = YES;
				INFOPLIST_KEY_UIApplicationSupportsIndirectInputEvents = YES;
				INFOPLIST_KEY_UILaunchScreen_Generation = YES;
				INFOPLIST_KEY_UISupportedInterfaceOrientations_iPad = "UIInterfaceOrientationPortrait UIInterfaceOrientationPortraitUpsideDown UIInterfaceOrientationLandscapeLeft UIInterfaceOrientationLandscapeRight";
				INFOPLIST_KEY_UISupportedInterfaceOrientations_iPhone = "UIInterfaceOrientationPortrait UIInterfaceOrientationLandscapeLeft UIInterfaceOrientationLandscapeRight";
				LD_RUNPATH_SEARCH_PATHS = (
					"$(inherited)",
					"@executable_path/Frameworks",
				);
				MARKETING_VERSION = 1.0;
				PRODUCT_BUNDLE_IDENTIFIER = com.chakdoos.grocerylist;
				PRODUCT_NAME = "$(TARGET_NAME)";
				SWIFT_EMIT_LOC_STRINGS = YES;
				SWIFT_VERSION = 5.0;
				TARGETED_DEVICE_FAMILY = "1,2";
			};
			name = Debug;
		};
		C2968C7E283E578300F255CB /* Release */ = {
			isa = XCBuildConfiguration;
			buildSettings = {
				ASSETCATALOG_COMPILER_APPICON_NAME = AppIcon;
				ASSETCATALOG_COMPILER_GLOBAL_ACCENT_COLOR_NAME = AccentColor;
				CODE_SIGN_STYLE = Automatic;
				CURRENT_PROJECT_VERSION = 1;
				DEVELOPMENT_ASSET_PATHS = "\"grocerylist/Preview Content\"";
				ENABLE_PREVIEWS = YES;
				GENERATE_INFOPLIST_FILE = YES;
				INFOPLIST_KEY_UIApplicationSceneManifest_Generation = YES;
				INFOPLIST_KEY_UIApplicationSupportsIndirectInputEvents = YES;
				INFOPLIST_KEY_UILaunchScreen_Generation = YES;
				INFOPLIST_KEY_UISupportedInterfaceOrientations_iPad = "UIInterfaceOrientationPortrait UIInterfaceOrientationPortraitUpsideDown UIInterfaceOrientationLandscapeLeft UIInterfaceOrientationLandscapeRight";
				INFOPLIST_KEY_UISupportedInterfaceOrientations_iPhone = "UIInterfaceOrientationPortrait UIInterfaceOrientationLandscapeLeft UIInterfaceOrientationLandscapeRight";
				LD_RUNPATH_SEARCH_PATHS = (
					"$(inherited)",
					"@executable_path/Frameworks",
				);
				MARKETING_VERSION = 1.0;
				PRODUCT_BUNDLE_IDENTIFIER = com.chakdoos.grocerylist;
				PRODUCT_NAME = "$(TARGET_NAME)";
				SWIFT_EMIT_LOC_STRINGS = YES;
				SWIFT_VERSION = 5.0;
				TARGETED_DEVICE_FAMILY = "1,2";
			};
			name = Release;
		};
/* End XCBuildConfiguration section */

/* Begin XCConfigurationList section */
		C2968C69283E578200F255CB /* Build configuration list for PBXProject "grocerylist" */ = {
			isa = XCConfigurationList;
			buildConfigurations = (
				C2968C7A283E578300F255CB /* Debug */,
				C2968C7B283E578300F255CB /* Release */,
			);
			defaultConfigurationIsVisible = 0;
			defaultConfigurationName = Release;
		};
		C2968C7C283E578300F255CB /* Build configuration list for PBXNativeTarget "grocerylist" */ = {
			isa = XCConfigurationList;
			buildConfigurations = (
				C2968C7D283E578300F255CB /* Debug */,
				C2968C7E283E578300F255CB /* Release */,
			);
			defaultConfigurationIsVisible = 0;
			defaultConfigurationName = Release;
		};
/* End XCConfigurationList section */
	};
	rootObject = C2968C66283E578200F255CB /* Project object */;
}
